// !$*UTF8*$!
{
	archiveVersion = 1;
	classes = {
	};
	objectVersion = 55;
	objects = {

/* Begin PBXBuildFile section */
		1822812429D4087E008130B6 /* WeatherCollectionViewCell.swift in Sources */ = {isa = PBXBuildFile; fileRef = 1822812229D4087D008130B6 /* WeatherCollectionViewCell.swift */; };
		1822812529D4087E008130B6 /* WeatherCollectionViewCell.xib in Resources */ = {isa = PBXBuildFile; fileRef = 1822812329D4087D008130B6 /* WeatherCollectionViewCell.xib */; };
		1822812A29D408C8008130B6 /* WeatherTableViewCell.xib in Resources */ = {isa = PBXBuildFile; fileRef = 1822812829D408C8008130B6 /* WeatherTableViewCell.xib */; };
		1822812F29D40985008130B6 /* WeatherTableViewCell.swift in Sources */ = {isa = PBXBuildFile; fileRef = 1822812E29D40985008130B6 /* WeatherTableViewCell.swift */; };
		18460FEA29CD9D7E007782C0 /* WeatherData.swift in Sources */ = {isa = PBXBuildFile; fileRef = 18460FE929CD9D7E007782C0 /* WeatherData.swift */; };
		185BF27129D2D4AC00FC6D54 /* HourlyTableViewCell.swift in Sources */ = {isa = PBXBuildFile; fileRef = 185BF26F29D2D4AC00FC6D54 /* HourlyTableViewCell.swift */; };
		185BF27229D2D4AC00FC6D54 /* HourlyTableViewCell.xib in Resources */ = {isa = PBXBuildFile; fileRef = 185BF27029D2D4AC00FC6D54 /* HourlyTableViewCell.xib */; };
		18C44A7E29CD6F61004BC73D /* AppDelegate.swift in Sources */ = {isa = PBXBuildFile; fileRef = 18C44A7D29CD6F61004BC73D /* AppDelegate.swift */; };
		18C44A8029CD6F61004BC73D /* SceneDelegate.swift in Sources */ = {isa = PBXBuildFile; fileRef = 18C44A7F29CD6F61004BC73D /* SceneDelegate.swift */; };
		18C44A8229CD6F61004BC73D /* ViewController.swift in Sources */ = {isa = PBXBuildFile; fileRef = 18C44A8129CD6F61004BC73D /* ViewController.swift */; };
		18C44A8529CD6F61004BC73D /* Main.storyboard in Resources */ = {isa = PBXBuildFile; fileRef = 18C44A8329CD6F61004BC73D /* Main.storyboard */; };
		18C44A8729CD6F62004BC73D /* Assets.xcassets in Resources */ = {isa = PBXBuildFile; fileRef = 18C44A8629CD6F62004BC73D /* Assets.xcassets */; };
		18C44A8A29CD6F62004BC73D /* LaunchScreen.storyboard in Resources */ = {isa = PBXBuildFile; fileRef = 18C44A8829CD6F62004BC73D /* LaunchScreen.storyboard */; };
/* End PBXBuildFile section */

/* Begin PBXFileReference section */
		1822812229D4087D008130B6 /* WeatherCollectionViewCell.swift */ = {isa = PBXFileReference; fileEncoding = 4; lastKnownFileType = sourcecode.swift; path = WeatherCollectionViewCell.swift; sourceTree = "<group>"; };
		1822812329D4087D008130B6 /* WeatherCollectionViewCell.xib */ = {isa = PBXFileReference; fileEncoding = 4; lastKnownFileType = file.xib; path = WeatherCollectionViewCell.xib; sourceTree = "<group>"; };
		1822812829D408C8008130B6 /* WeatherTableViewCell.xib */ = {isa = PBXFileReference; fileEncoding = 4; lastKnownFileType = file.xib; path = WeatherTableViewCell.xib; sourceTree = "<group>"; };
		1822812E29D40985008130B6 /* WeatherTableViewCell.swift */ = {isa = PBXFileReference; fileEncoding = 4; lastKnownFileType = sourcecode.swift; path = WeatherTableViewCell.swift; sourceTree = "<group>"; };
		18460FE929CD9D7E007782C0 /* WeatherData.swift */ = {isa = PBXFileReference; lastKnownFileType = sourcecode.swift; path = WeatherData.swift; sourceTree = "<group>"; };
		185BF26F29D2D4AC00FC6D54 /* HourlyTableViewCell.swift */ = {isa = PBXFileReference; lastKnownFileType = sourcecode.swift; path = HourlyTableViewCell.swift; sourceTree = "<group>"; };
		185BF27029D2D4AC00FC6D54 /* HourlyTableViewCell.xib */ = {isa = PBXFileReference; lastKnownFileType = file.xib; path = HourlyTableViewCell.xib; sourceTree = "<group>"; };
		18C44A7A29CD6F61004BC73D /* MyWeather.app */ = {isa = PBXFileReference; explicitFileType = wrapper.application; includeInIndex = 0; path = MyWeather.app; sourceTree = BUILT_PRODUCTS_DIR; };
		18C44A7D29CD6F61004BC73D /* AppDelegate.swift */ = {isa = PBXFileReference; lastKnownFileType = sourcecode.swift; path = AppDelegate.swift; sourceTree = "<group>"; };
		18C44A7F29CD6F61004BC73D /* SceneDelegate.swift */ = {isa = PBXFileReference; lastKnownFileType = sourcecode.swift; path = SceneDelegate.swift; sourceTree = "<group>"; };
		18C44A8129CD6F61004BC73D /* ViewController.swift */ = {isa = PBXFileReference; lastKnownFileType = sourcecode.swift; path = ViewController.swift; sourceTree = "<group>"; };
		18C44A8429CD6F61004BC73D /* Base */ = {isa = PBXFileReference; lastKnownFileType = file.storyboard; name = Base; path = Base.lproj/Main.storyboard; sourceTree = "<group>"; };
		18C44A8629CD6F62004BC73D /* Assets.xcassets */ = {isa = PBXFileReference; lastKnownFileType = folder.assetcatalog; path = Assets.xcassets; sourceTree = "<group>"; };
		18C44A8929CD6F62004BC73D /* Base */ = {isa = PBXFileReference; lastKnownFileType = file.storyboard; name = Base; path = Base.lproj/LaunchScreen.storyboard; sourceTree = "<group>"; };
		18C44A8B29CD6F62004BC73D /* Info.plist */ = {isa = PBXFileReference; lastKnownFileType = text.plist.xml; path = Info.plist; sourceTree = "<group>"; };
/* End PBXFileReference section */

/* Begin PBXFrameworksBuildPhase section */
		18C44A7729CD6F61004BC73D /* Frameworks */ = {
			isa = PBXFrameworksBuildPhase;
			buildActionMask = 2147483647;
			files = (
			);
			runOnlyForDeploymentPostprocessing = 0;
		};
/* End PBXFrameworksBuildPhase section */

/* Begin PBXGroup section */
		1822812629D4088F008130B6 /* WeatherCell */ = {
			isa = PBXGroup;
			children = (
				1822812329D4087D008130B6 /* WeatherCollectionViewCell.xib */,
				1822812229D4087D008130B6 /* WeatherCollectionViewCell.swift */,
			);
			path = WeatherCell;
			sourceTree = "<group>";
		};
		1822812B29D408D1008130B6 /* WeatherTableViewCell */ = {
			isa = PBXGroup;
			children = (
				1822812E29D40985008130B6 /* WeatherTableViewCell.swift */,
				1822812829D408C8008130B6 /* WeatherTableViewCell.xib */,
			);
			path = WeatherTableViewCell;
			sourceTree = "<group>";
		};
		185BF26D29D2D45E00FC6D54 /* HourlyCollectionCell */ = {
			isa = PBXGroup;
			children = (
				185BF26F29D2D4AC00FC6D54 /* HourlyTableViewCell.swift */,
				185BF27029D2D4AC00FC6D54 /* HourlyTableViewCell.xib */,
				1822812B29D408D1008130B6 /* WeatherTableViewCell */,
				1822812629D4088F008130B6 /* WeatherCell */,
			);
			path = HourlyCollectionCell;
			sourceTree = "<group>";
		};
		18C44A7129CD6F61004BC73D = {
			isa = PBXGroup;
			children = (
				18C44A7C29CD6F61004BC73D /* MyWeather */,
				18C44A7B29CD6F61004BC73D /* Products */,
			);
			sourceTree = "<group>";
		};
		18C44A7B29CD6F61004BC73D /* Products */ = {
			isa = PBXGroup;
			children = (
				18C44A7A29CD6F61004BC73D /* MyWeather.app */,
			);
			name = Products;
			sourceTree = "<group>";
		};
		18C44A7C29CD6F61004BC73D /* MyWeather */ = {
			isa = PBXGroup;
			children = (
				185BF26D29D2D45E00FC6D54 /* HourlyCollectionCell */,
				18C44A7D29CD6F61004BC73D /* AppDelegate.swift */,
				18C44A7F29CD6F61004BC73D /* SceneDelegate.swift */,
				18C44A8129CD6F61004BC73D /* ViewController.swift */,
				18C44A8329CD6F61004BC73D /* Main.storyboard */,
				18C44A8629CD6F62004BC73D /* Assets.xcassets */,
				18C44A8829CD6F62004BC73D /* LaunchScreen.storyboard */,
				18C44A8B29CD6F62004BC73D /* Info.plist */,
				18460FE929CD9D7E007782C0 /* WeatherData.swift */,
			);
			path = MyWeather;
			sourceTree = "<group>";
		};
/* End PBXGroup section */

/* Begin PBXNativeTarget section */
		18C44A7929CD6F61004BC73D /* MyWeather */ = {
			isa = PBXNativeTarget;
			buildConfigurationList = 18C44A8E29CD6F62004BC73D /* Build configuration list for PBXNativeTarget "MyWeather" */;
			buildPhases = (
				18C44A7629CD6F61004BC73D /* Sources */,
				18C44A7729CD6F61004BC73D /* Frameworks */,
				18C44A7829CD6F61004BC73D /* Resources */,
			);
			buildRules = (
			);
			dependencies = (
			);
			name = MyWeather;
			productName = MyWeather;
			productReference = 18C44A7A29CD6F61004BC73D /* MyWeather.app */;
			productType = "com.apple.product-type.application";
		};
/* End PBXNativeTarget section */

/* Begin PBXProject section */
		18C44A7229CD6F61004BC73D /* Project object */ = {
			isa = PBXProject;
			attributes = {
				BuildIndependentTargetsInParallel = 1;
				LastSwiftUpdateCheck = 1320;
				LastUpgradeCheck = 1320;
				TargetAttributes = {
					18C44A7929CD6F61004BC73D = {
						CreatedOnToolsVersion = 13.2.1;
					};
				};
			};
			buildConfigurationList = 18C44A7529CD6F61004BC73D /* Build configuration list for PBXProject "MyWeather" */;
			compatibilityVersion = "Xcode 13.0";
			developmentRegion = en;
			hasScannedForEncodings = 0;
			knownRegions = (
				en,
				Base,
			);
			mainGroup = 18C44A7129CD6F61004BC73D;
			productRefGroup = 18C44A7B29CD6F61004BC73D /* Products */;
			projectDirPath = "";
			projectRoot = "";
			targets = (
				18C44A7929CD6F61004BC73D /* MyWeather */,
			);
		};
/* End PBXProject section */

/* Begin PBXResourcesBuildPhase section */
		18C44A7829CD6F61004BC73D /* Resources */ = {
			isa = PBXResourcesBuildPhase;
			buildActionMask = 2147483647;
			files = (
				185BF27229D2D4AC00FC6D54 /* HourlyTableViewCell.xib in Resources */,
				18C44A8A29CD6F62004BC73D /* LaunchScreen.storyboard in Resources */,
				1822812529D4087E008130B6 /* WeatherCollectionViewCell.xib in Resources */,
				18C44A8729CD6F62004BC73D /* Assets.xcassets in Resources */,
				1822812A29D408C8008130B6 /* WeatherTableViewCell.xib in Resources */,
				18C44A8529CD6F61004BC73D /* Main.storyboard in Resources */,
			);
			runOnlyForDeploymentPostprocessing = 0;
		};
/* End PBXResourcesBuildPhase section */

/* Begin PBXSourcesBuildPhase section */
		18C44A7629CD6F61004BC73D /* Sources */ = {
			isa = PBXSourcesBuildPhase;
			buildActionMask = 2147483647;
			files = (
				18C44A8229CD6F61004BC73D /* ViewController.swift in Sources */,
				18C44A7E29CD6F61004BC73D /* AppDelegate.swift in Sources */,
				1822812F29D40985008130B6 /* WeatherTableViewCell.swift in Sources */,
				18460FEA29CD9D7E007782C0 /* WeatherData.swift in Sources */,
				1822812429D4087E008130B6 /* WeatherCollectionViewCell.swift in Sources */,
				18C44A8029CD6F61004BC73D /* SceneDelegate.swift in Sources */,
				185BF27129D2D4AC00FC6D54 /* HourlyTableViewCell.swift in Sources */,
			);
			runOnlyForDeploymentPostprocessing = 0;
		};
/* End PBXSourcesBuildPhase section */

/* Begin PBXVariantGroup section */
		18C44A8329CD6F61004BC73D /* Main.storyboard */ = {
			isa = PBXVariantGroup;
			children = (
				18C44A8429CD6F61004BC73D /* Base */,
			);
			name = Main.storyboard;
			sourceTree = "<group>";
		};
		18C44A8829CD6F62004BC73D /* LaunchScreen.storyboard */ = {
			isa = PBXVariantGroup;
			children = (
				18C44A8929CD6F62004BC73D /* Base */,
			);
			name = LaunchScreen.storyboard;
			sourceTree = "<group>";
		};
/* End PBXVariantGroup section */

/* Begin XCBuildConfiguration section */
		18C44A8C29CD6F62004BC73D /* Debug */ = {
			isa = XCBuildConfiguration;
			buildSettings = {
				ALWAYS_SEARCH_USER_PATHS = NO;
				CLANG_ANALYZER_NONNULL = YES;
				CLANG_ANALYZER_NUMBER_OBJECT_CONVERSION = YES_AGGRESSIVE;
				CLANG_CXX_LANGUAGE_STANDARD = "gnu++17";
				CLANG_CXX_LIBRARY = "libc++";
				CLANG_ENABLE_MODULES = YES;
				CLANG_ENABLE_OBJC_ARC = YES;
				CLANG_ENABLE_OBJC_WEAK = YES;
				CLANG_WARN_BLOCK_CAPTURE_AUTORELEASING = YES;
				CLANG_WARN_BOOL_CONVERSION = YES;
				CLANG_WARN_COMMA = YES;
				CLANG_WARN_CONSTANT_CONVERSION = YES;
				CLANG_WARN_DEPRECATED_OBJC_IMPLEMENTATIONS = YES;
				CLANG_WARN_DIRECT_OBJC_ISA_USAGE = YES_ERROR;
				CLANG_WARN_DOCUMENTATION_COMMENTS = YES;
				CLANG_WARN_EMPTY_BODY = YES;
				CLANG_WARN_ENUM_CONVERSION = YES;
				CLANG_WARN_INFINITE_RECURSION = YES;
				CLANG_WARN_INT_CONVERSION = YES;
				CLANG_WARN_NON_LITERAL_NULL_CONVERSION = YES;
				CLANG_WARN_OBJC_IMPLICIT_RETAIN_SELF = YES;
				CLANG_WARN_OBJC_LITERAL_CONVERSION = YES;
				CLANG_WARN_OBJC_ROOT_CLASS = YES_ERROR;
				CLANG_WARN_QUOTED_INCLUDE_IN_FRAMEWORK_HEADER = YES;
				CLANG_WARN_RANGE_LOOP_ANALYSIS = YES;
				CLANG_WARN_STRICT_PROTOTYPES = YES;
				CLANG_WARN_SUSPICIOUS_MOVE = YES;
				CLANG_WARN_UNGUARDED_AVAILABILITY = YES_AGGRESSIVE;
				CLANG_WARN_UNREACHABLE_CODE = YES;
				CLANG_WARN__DUPLICATE_METHOD_MATCH = YES;
				COPY_PHASE_STRIP = NO;
				DEBUG_INFORMATION_FORMAT = dwarf;
				ENABLE_STRICT_OBJC_MSGSEND = YES;
				ENABLE_TESTABILITY = YES;
				GCC_C_LANGUAGE_STANDARD = gnu11;
				GCC_DYNAMIC_NO_PIC = NO;
				GCC_NO_COMMON_BLOCKS = YES;
				GCC_OPTIMIZATION_LEVEL = 0;
				GCC_PREPROCESSOR_DEFINITIONS = (
					"DEBUG=1",
					"$(inherited)",
				);
				GCC_WARN_64_TO_32_BIT_CONVERSION = YES;
				GCC_WARN_ABOUT_RETURN_TYPE = YES_ERROR;
				GCC_WARN_UNDECLARED_SELECTOR = YES;
				GCC_WARN_UNINITIALIZED_AUTOS = YES_AGGRESSIVE;
				GCC_WARN_UNUSED_FUNCTION = YES;
				GCC_WARN_UNUSED_VARIABLE = YES;
				IPHONEOS_DEPLOYMENT_TARGET = 15.2;
				MTL_ENABLE_DEBUG_INFO = INCLUDE_SOURCE;
				MTL_FAST_MATH = YES;
				ONLY_ACTIVE_ARCH = YES;
				SDKROOT = iphoneos;
				SWIFT_ACTIVE_COMPILATION_CONDITIONS = DEBUG;
				SWIFT_OPTIMIZATION_LEVEL = "-Onone";
			};
			name = Debug;
		};
		18C44A8D29CD6F62004BC73D /* Release */ = {
			isa = XCBuildConfiguration;
			buildSettings = {
				ALWAYS_SEARCH_USER_PATHS = NO;
				CLANG_ANALYZER_NONNULL = YES;
				CLANG_ANALYZER_NUMBER_OBJECT_CONVERSION = YES_AGGRESSIVE;
				CLANG_CXX_LANGUAGE_STANDARD = "gnu++17";
				CLANG_CXX_LIBRARY = "libc++";
				CLANG_ENABLE_MODULES = YES;
				CLANG_ENABLE_OBJC_ARC = YES;
				CLANG_ENABLE_OBJC_WEAK = YES;
				CLANG_WARN_BLOCK_CAPTURE_AUTORELEASING = YES;
				CLANG_WARN_BOOL_CONVERSION = YES;
				CLANG_WARN_COMMA = YES;
				CLANG_WARN_CONSTANT_CONVERSION = YES;
				CLANG_WARN_DEPRECATED_OBJC_IMPLEMENTATIONS = YES;
				CLANG_WARN_DIRECT_OBJC_ISA_USAGE = YES_ERROR;
				CLANG_WARN_DOCUMENTATION_COMMENTS = YES;
				CLANG_WARN_EMPTY_BODY = YES;
				CLANG_WARN_ENUM_CONVERSION = YES;
				CLANG_WARN_INFINITE_RECURSION = YES;
				CLANG_WARN_INT_CONVERSION = YES;
				CLANG_WARN_NON_LITERAL_NULL_CONVERSION = YES;
				CLANG_WARN_OBJC_IMPLICIT_RETAIN_SELF = YES;
				CLANG_WARN_OBJC_LITERAL_CONVERSION = YES;
				CLANG_WARN_OBJC_ROOT_CLASS = YES_ERROR;
				CLANG_WARN_QUOTED_INCLUDE_IN_FRAMEWORK_HEADER = YES;
				CLANG_WARN_RANGE_LOOP_ANALYSIS = YES;
				CLANG_WARN_STRICT_PROTOTYPES = YES;
				CLANG_WARN_SUSPICIOUS_MOVE = YES;
				CLANG_WARN_UNGUARDED_AVAILABILITY = YES_AGGRESSIVE;
				CLANG_WARN_UNREACHABLE_CODE = YES;
				CLANG_WARN__DUPLICATE_METHOD_MATCH = YES;
				COPY_PHASE_STRIP = NO;
				DEBUG_INFORMATION_FORMAT = "dwarf-with-dsym";
				ENABLE_NS_ASSERTIONS = NO;
				ENABLE_STRICT_OBJC_MSGSEND = YES;
				GCC_C_LANGUAGE_STANDARD = gnu11;
				GCC_NO_COMMON_BLOCKS = YES;
				GCC_WARN_64_TO_32_BIT_CONVERSION = YES;
				GCC_WARN_ABOUT_RETURN_TYPE = YES_ERROR;
				GCC_WARN_UNDECLARED_SELECTOR = YES;
				GCC_WARN_UNINITIALIZED_AUTOS = YES_AGGRESSIVE;
				GCC_WARN_UNUSED_FUNCTION = YES;
				GCC_WARN_UNUSED_VARIABLE = YES;
				IPHONEOS_DEPLOYMENT_TARGET = 15.2;
				MTL_ENABLE_DEBUG_INFO = NO;
				MTL_FAST_MATH = YES;
				SDKROOT = iphoneos;
				SWIFT_COMPILATION_MODE = wholemodule;
				SWIFT_OPTIMIZATION_LEVEL = "-O";
				VALIDATE_PRODUCT = YES;
			};
			name = Release;
		};
		18C44A8F29CD6F62004BC73D /* Debug */ = {
			isa = XCBuildConfiguration;
			buildSettings = {
				ASSETCATALOG_COMPILER_APPICON_NAME = AppIcon;
				ASSETCATALOG_COMPILER_GLOBAL_ACCENT_COLOR_NAME = AccentColor;
				CODE_SIGN_STYLE = Automatic;
				CURRENT_PROJECT_VERSION = 1;
				GENERATE_INFOPLIST_FILE = YES;
				INFOPLIST_FILE = MyWeather/Info.plist;
				INFOPLIST_KEY_UIApplicationSupportsIndirectInputEvents = YES;
				INFOPLIST_KEY_UILaunchStoryboardName = LaunchScreen;
				INFOPLIST_KEY_UIMainStoryboardFile = Main;
				INFOPLIST_KEY_UISupportedInterfaceOrientations_iPad = "UIInterfaceOrientationPortrait UIInterfaceOrientationPortraitUpsideDown UIInterfaceOrientationLandscapeLeft UIInterfaceOrientationLandscapeRight";
				INFOPLIST_KEY_UISupportedInterfaceOrientations_iPhone = "UIInterfaceOrientationPortrait UIInterfaceOrientationLandscapeLeft UIInterfaceOrientationLandscapeRight";
				LD_RUNPATH_SEARCH_PATHS = (
					"$(inherited)",
					"@executable_path/Frameworks",
				);
				MARKETING_VERSION = 1.0;
				PRODUCT_BUNDLE_IDENTIFIER = com.forloop.MyWeather;
				PRODUCT_NAME = "$(TARGET_NAME)";
				SWIFT_EMIT_LOC_STRINGS = YES;
				SWIFT_VERSION = 5.0;
				TARGETED_DEVICE_FAMILY = "1,2";
			};
			name = Debug;
		};
		18C44A9029CD6F62004BC73D /* Release */ = {
			isa = XCBuildConfiguration;
			buildSettings = {
				ASSETCATALOG_COMPILER_APPICON_NAME = AppIcon;
				ASSETCATALOG_COMPILER_GLOBAL_ACCENT_COLOR_NAME = AccentColor;
				CODE_SIGN_STYLE = Automatic;
				CURRENT_PROJECT_VERSION = 1;
				GENERATE_INFOPLIST_FILE = YES;
				INFOPLIST_FILE = MyWeather/Info.plist;
				INFOPLIST_KEY_UIApplicationSupportsIndirectInputEvents = YES;
				INFOPLIST_KEY_UILaunchStoryboardName = LaunchScreen;
				INFOPLIST_KEY_UIMainStoryboardFile = Main;
				INFOPLIST_KEY_UISupportedInterfaceOrientations_iPad = "UIInterfaceOrientationPortrait UIInterfaceOrientationPortraitUpsideDown UIInterfaceOrientationLandscapeLeft UIInterfaceOrientationLandscapeRight";
				INFOPLIST_KEY_UISupportedInterfaceOrientations_iPhone = "UIInterfaceOrientationPortrait UIInterfaceOrientationLandscapeLeft UIInterfaceOrientationLandscapeRight";
				LD_RUNPATH_SEARCH_PATHS = (
					"$(inherited)",
					"@executable_path/Frameworks",
				);
				MARKETING_VERSION = 1.0;
				PRODUCT_BUNDLE_IDENTIFIER = com.forloop.MyWeather;
				PRODUCT_NAME = "$(TARGET_NAME)";
				SWIFT_EMIT_LOC_STRINGS = YES;
				SWIFT_VERSION = 5.0;
				TARGETED_DEVICE_FAMILY = "1,2";
			};
			name = Release;
		};
/* End XCBuildConfiguration section */

/* Begin XCConfigurationList section */
		18C44A7529CD6F61004BC73D /* Build configuration list for PBXProject "MyWeather" */ = {
			isa = XCConfigurationList;
			buildConfigurations = (
				18C44A8C29CD6F62004BC73D /* Debug */,
				18C44A8D29CD6F62004BC73D /* Release */,
			);
			defaultConfigurationIsVisible = 0;
			defaultConfigurationName = Release;
		};
		18C44A8E29CD6F62004BC73D /* Build configuration list for PBXNativeTarget "MyWeather" */ = {
			isa = XCConfigurationList;
			buildConfigurations = (
				18C44A8F29CD6F62004BC73D /* Debug */,
				18C44A9029CD6F62004BC73D /* Release */,
			);
			defaultConfigurationIsVisible = 0;
			defaultConfigurationName = Release;
		};
/* End XCConfigurationList section */
	};
	rootObject = 18C44A7229CD6F61004BC73D /* Project object */;
}
